
Microsoft Visual Studio Solution File, Format Version 12.00
# Visual Studio Version 16
VisualStudioVersion = 16.0.30907.101
MinimumVisualStudioVersion = 10.0.40219.1
Project("{FAE04EC0-301F-11D3-BF4B-00C04F79EFBC}") = "Employee_130", "Employee_130\Employee_130.csproj", "{BB4334DF-164C-43EE-AE48-388BBB2D401E}"
EndProject
Global
	GlobalSection(SolutionConfigurationPlatforms) = preSolution
		Debug|Any CPU = Debug|Any CPU
		Release|Any CPU = Release|Any CPU
	EndGlobalSection
	GlobalSection(ProjectConfigurationPlatforms) = postSolution
		{BB4334DF-164C-43EE-AE48-388BBB2D401E}.Debug|Any CPU.ActiveCfg = Debug|Any CPU
		{BB4334DF-164C-43EE-AE48-388BBB2D401E}.Debug|Any CPU.Build.0 = Debug|Any CPU
		{BB4334DF-164C-43EE-AE48-388BBB2D401E}.Release|Any CPU.ActiveCfg = Release|Any CPU
		{BB4334DF-164C-43EE-AE48-388BBB2D401E}.Release|Any CPU.Build.0 = Release|Any CPU
	EndGlobalSection
	GlobalSection(SolutionProperties) = preSolution
		HideSolutionNode = FALSE
	EndGlobalSection
	GlobalSection(ExtensibilityGlobals) = postSolution
		SolutionGuid = {B1463D93-D6A9-4CDD-A446-E49D906074AD}
	EndGlobalSection
EndGlobal
